// !$*UTF8*$!
{
	archiveVersion = 1;
	classes = {
	};
	objectVersion = 56;
	objects = {

/* Begin PBXBuildFile section */
		7C6428F02997A17800F2A156 /* APICaller.swift in Sources */ = {isa = PBXBuildFile; fileRef = 7C6428EF2997A17800F2A156 /* APICaller.swift */; };
		7C6428F22997A5B700F2A156 /* Title.swift in Sources */ = {isa = PBXBuildFile; fileRef = 7C6428F12997A5B700F2A156 /* Title.swift */; };
		7C6428F42997B24200F2A156 /* Extensions.swift in Sources */ = {isa = PBXBuildFile; fileRef = 7C6428F32997B24200F2A156 /* Extensions.swift */; };
		7C6428F829980F2400F2A156 /* TitleCollectionViewCell.swift in Sources */ = {isa = PBXBuildFile; fileRef = 7C6428F729980F2400F2A156 /* TitleCollectionViewCell.swift */; };
		7C6428FB299810A600F2A156 /* SDWebImage in Frameworks */ = {isa = PBXBuildFile; productRef = 7C6428FA299810A600F2A156 /* SDWebImage */; };
		7C6428FD299810A600F2A156 /* SDWebImageMapKit in Frameworks */ = {isa = PBXBuildFile; productRef = 7C6428FC299810A600F2A156 /* SDWebImageMapKit */; };
		7C6428FF2999013600F2A156 /* TitleTableViewCell.swift in Sources */ = {isa = PBXBuildFile; fileRef = 7C6428FE2999013600F2A156 /* TitleTableViewCell.swift */; };
		7C64290129990B4900F2A156 /* TitleViewModel.swift in Sources */ = {isa = PBXBuildFile; fileRef = 7C64290029990B4900F2A156 /* TitleViewModel.swift */; };
		7C7545BD299A540E006CE676 /* SearchResultsViewController.swift in Sources */ = {isa = PBXBuildFile; fileRef = 7C7545BC299A540E006CE676 /* SearchResultsViewController.swift */; };
		7C7693B529954D7600A76EBC /* AppDelegate.swift in Sources */ = {isa = PBXBuildFile; fileRef = 7C7693B429954D7600A76EBC /* AppDelegate.swift */; };
		7C7693B729954D7600A76EBC /* SceneDelegate.swift in Sources */ = {isa = PBXBuildFile; fileRef = 7C7693B629954D7600A76EBC /* SceneDelegate.swift */; };
		7C7693B929954D7600A76EBC /* MainTabBarViewController.swift in Sources */ = {isa = PBXBuildFile; fileRef = 7C7693B829954D7600A76EBC /* MainTabBarViewController.swift */; };
		7C7693BE29954D7700A76EBC /* Assets.xcassets in Resources */ = {isa = PBXBuildFile; fileRef = 7C7693BD29954D7700A76EBC /* Assets.xcassets */; };
		7C7693C129954D7700A76EBC /* LaunchScreen.storyboard in Resources */ = {isa = PBXBuildFile; fileRef = 7C7693BF29954D7700A76EBC /* LaunchScreen.storyboard */; };
		7C7693CA29954F5E00A76EBC /* HomeViewController.swift in Sources */ = {isa = PBXBuildFile; fileRef = 7C7693C929954F5E00A76EBC /* HomeViewController.swift */; };
		7C7693CC29954F8100A76EBC /* UpcomingViewController.swift in Sources */ = {isa = PBXBuildFile; fileRef = 7C7693CB29954F8100A76EBC /* UpcomingViewController.swift */; };
		7C7693CE29954FC500A76EBC /* SearchViewController.swift in Sources */ = {isa = PBXBuildFile; fileRef = 7C7693CD29954FC500A76EBC /* SearchViewController.swift */; };
		7C7693D029954FE300A76EBC /* DownloadsViewController.swift in Sources */ = {isa = PBXBuildFile; fileRef = 7C7693CF29954FE300A76EBC /* DownloadsViewController.swift */; };
		7C7693D7299554D700A76EBC /* CollectionViewTableViewCell.swift in Sources */ = {isa = PBXBuildFile; fileRef = 7C7693D6299554D700A76EBC /* CollectionViewTableViewCell.swift */; };
		7C7693D92996516200A76EBC /* HeroHeaderView.swift in Sources */ = {isa = PBXBuildFile; fileRef = 7C7693D82996516200A76EBC /* HeroHeaderView.swift */; };
		7CDBD4FE299B95CA005DE6E0 /* YouTubeSearchResponse.swift in Sources */ = {isa = PBXBuildFile; fileRef = 7CDBD4FD299B95CA005DE6E0 /* YouTubeSearchResponse.swift */; };
		7CDBD500299B9A8A005DE6E0 /* TitleTrailerViewController.swift in Sources */ = {isa = PBXBuildFile; fileRef = 7CDBD4FF299B9A8A005DE6E0 /* TitleTrailerViewController.swift */; };
		7CDBD502299B9E3A005DE6E0 /* TitlePreviewModel.swift in Sources */ = {isa = PBXBuildFile; fileRef = 7CDBD501299B9E3A005DE6E0 /* TitlePreviewModel.swift */; };
/* End PBXBuildFile section */

/* Begin PBXFileReference section */
		7C6428EF2997A17800F2A156 /* APICaller.swift */ = {isa = PBXFileReference; lastKnownFileType = sourcecode.swift; path = APICaller.swift; sourceTree = "<group>"; };
		7C6428F12997A5B700F2A156 /* Title.swift */ = {isa = PBXFileReference; lastKnownFileType = sourcecode.swift; path = Title.swift; sourceTree = "<group>"; };
		7C6428F32997B24200F2A156 /* Extensions.swift */ = {isa = PBXFileReference; lastKnownFileType = sourcecode.swift; path = Extensions.swift; sourceTree = "<group>"; };
		7C6428F729980F2400F2A156 /* TitleCollectionViewCell.swift */ = {isa = PBXFileReference; lastKnownFileType = sourcecode.swift; path = TitleCollectionViewCell.swift; sourceTree = "<group>"; };
		7C6428FE2999013600F2A156 /* TitleTableViewCell.swift */ = {isa = PBXFileReference; lastKnownFileType = sourcecode.swift; path = TitleTableViewCell.swift; sourceTree = "<group>"; };
		7C64290029990B4900F2A156 /* TitleViewModel.swift */ = {isa = PBXFileReference; lastKnownFileType = sourcecode.swift; path = TitleViewModel.swift; sourceTree = "<group>"; };
		7C7545BC299A540E006CE676 /* SearchResultsViewController.swift */ = {isa = PBXFileReference; lastKnownFileType = sourcecode.swift; path = SearchResultsViewController.swift; sourceTree = "<group>"; };
		7C7693B129954D7600A76EBC /* NetflixClone.app */ = {isa = PBXFileReference; explicitFileType = wrapper.application; includeInIndex = 0; path = NetflixClone.app; sourceTree = BUILT_PRODUCTS_DIR; };
		7C7693B429954D7600A76EBC /* AppDelegate.swift */ = {isa = PBXFileReference; lastKnownFileType = sourcecode.swift; path = AppDelegate.swift; sourceTree = "<group>"; };
		7C7693B629954D7600A76EBC /* SceneDelegate.swift */ = {isa = PBXFileReference; lastKnownFileType = sourcecode.swift; path = SceneDelegate.swift; sourceTree = "<group>"; };
		7C7693B829954D7600A76EBC /* MainTabBarViewController.swift */ = {isa = PBXFileReference; lastKnownFileType = sourcecode.swift; path = MainTabBarViewController.swift; sourceTree = "<group>"; };
		7C7693BD29954D7700A76EBC /* Assets.xcassets */ = {isa = PBXFileReference; lastKnownFileType = folder.assetcatalog; path = Assets.xcassets; sourceTree = "<group>"; };
		7C7693C029954D7700A76EBC /* Base */ = {isa = PBXFileReference; lastKnownFileType = file.storyboard; name = Base; path = Base.lproj/LaunchScreen.storyboard; sourceTree = "<group>"; };
		7C7693C229954D7700A76EBC /* Info.plist */ = {isa = PBXFileReference; lastKnownFileType = text.plist.xml; path = Info.plist; sourceTree = "<group>"; };
		7C7693C929954F5E00A76EBC /* HomeViewController.swift */ = {isa = PBXFileReference; lastKnownFileType = sourcecode.swift; path = HomeViewController.swift; sourceTree = "<group>"; };
		7C7693CB29954F8100A76EBC /* UpcomingViewController.swift */ = {isa = PBXFileReference; lastKnownFileType = sourcecode.swift; path = UpcomingViewController.swift; sourceTree = "<group>"; };
		7C7693CD29954FC500A76EBC /* SearchViewController.swift */ = {isa = PBXFileReference; lastKnownFileType = sourcecode.swift; path = SearchViewController.swift; sourceTree = "<group>"; };
		7C7693CF29954FE300A76EBC /* DownloadsViewController.swift */ = {isa = PBXFileReference; lastKnownFileType = sourcecode.swift; path = DownloadsViewController.swift; sourceTree = "<group>"; };
		7C7693D6299554D700A76EBC /* CollectionViewTableViewCell.swift */ = {isa = PBXFileReference; lastKnownFileType = sourcecode.swift; path = CollectionViewTableViewCell.swift; sourceTree = "<group>"; };
		7C7693D82996516200A76EBC /* HeroHeaderView.swift */ = {isa = PBXFileReference; lastKnownFileType = sourcecode.swift; path = HeroHeaderView.swift; sourceTree = "<group>"; };
		7CDBD4FD299B95CA005DE6E0 /* YouTubeSearchResponse.swift */ = {isa = PBXFileReference; lastKnownFileType = sourcecode.swift; path = YouTubeSearchResponse.swift; sourceTree = "<group>"; };
		7CDBD4FF299B9A8A005DE6E0 /* TitleTrailerViewController.swift */ = {isa = PBXFileReference; lastKnownFileType = sourcecode.swift; path = TitleTrailerViewController.swift; sourceTree = "<group>"; };
		7CDBD501299B9E3A005DE6E0 /* TitlePreviewModel.swift */ = {isa = PBXFileReference; lastKnownFileType = sourcecode.swift; path = TitlePreviewModel.swift; sourceTree = "<group>"; };
/* End PBXFileReference section */

/* Begin PBXFrameworksBuildPhase section */
		7C7693AE29954D7600A76EBC /* Frameworks */ = {
			isa = PBXFrameworksBuildPhase;
			buildActionMask = 2147483647;
			files = (
				7C6428FD299810A600F2A156 /* SDWebImageMapKit in Frameworks */,
				7C6428FB299810A600F2A156 /* SDWebImage in Frameworks */,
			);
			runOnlyForDeploymentPostprocessing = 0;
		};
/* End PBXFrameworksBuildPhase section */

/* Begin PBXGroup section */
		7C7545BB299A53E7006CE676 /* TabBar */ = {
			isa = PBXGroup;
			children = (
				7C7693C929954F5E00A76EBC /* HomeViewController.swift */,
				7C7693CB29954F8100A76EBC /* UpcomingViewController.swift */,
				7C7693CD29954FC500A76EBC /* SearchViewController.swift */,
				7C7693CF29954FE300A76EBC /* DownloadsViewController.swift */,
				7C7693B829954D7600A76EBC /* MainTabBarViewController.swift */,
			);
			path = TabBar;
			sourceTree = "<group>";
		};
		7C7693A829954D7600A76EBC = {
			isa = PBXGroup;
			children = (
				7C7693B329954D7600A76EBC /* NetflixClone */,
				7C7693B229954D7600A76EBC /* Products */,
			);
			sourceTree = "<group>";
		};
		7C7693B229954D7600A76EBC /* Products */ = {
			isa = PBXGroup;
			children = (
				7C7693B129954D7600A76EBC /* NetflixClone.app */,
			);
			name = Products;
			sourceTree = "<group>";
		};
		7C7693B329954D7600A76EBC /* NetflixClone */ = {
			isa = PBXGroup;
			children = (
				7C7693D5299554B300A76EBC /* Managers */,
				7C7693D4299554AC00A76EBC /* Resources */,
				7C7693D32995548F00A76EBC /* Models */,
				7C7693D12995547C00A76EBC /* Views */,
				7C7693D22995548600A76EBC /* ViewModels */,
				7C7693C829954F1800A76EBC /* Controllers */,
				7C7693B429954D7600A76EBC /* AppDelegate.swift */,
				7C7693B629954D7600A76EBC /* SceneDelegate.swift */,
				7C7693BD29954D7700A76EBC /* Assets.xcassets */,
				7C7693BF29954D7700A76EBC /* LaunchScreen.storyboard */,
				7C7693C229954D7700A76EBC /* Info.plist */,
			);
			path = NetflixClone;
			sourceTree = "<group>";
		};
		7C7693C829954F1800A76EBC /* Controllers */ = {
			isa = PBXGroup;
			children = (
				7C7545BC299A540E006CE676 /* SearchResultsViewController.swift */,
				7CDBD4FF299B9A8A005DE6E0 /* TitleTrailerViewController.swift */,
				7C7545BB299A53E7006CE676 /* TabBar */,
			);
			path = Controllers;
			sourceTree = "<group>";
		};
		7C7693D12995547C00A76EBC /* Views */ = {
			isa = PBXGroup;
			children = (
				7C7693D82996516200A76EBC /* HeroHeaderView.swift */,
				7C7693D6299554D700A76EBC /* CollectionViewTableViewCell.swift */,
				7C6428FE2999013600F2A156 /* TitleTableViewCell.swift */,
				7C6428F729980F2400F2A156 /* TitleCollectionViewCell.swift */,
			);
			path = Views;
			sourceTree = "<group>";
		};
		7C7693D22995548600A76EBC /* ViewModels */ = {
			isa = PBXGroup;
			children = (
				7C64290029990B4900F2A156 /* TitleViewModel.swift */,
				7CDBD501299B9E3A005DE6E0 /* TitlePreviewModel.swift */,
			);
			path = ViewModels;
			sourceTree = "<group>";
		};
		7C7693D32995548F00A76EBC /* Models */ = {
			isa = PBXGroup;
			children = (
				7C6428F12997A5B700F2A156 /* Title.swift */,
				7CDBD4FD299B95CA005DE6E0 /* YouTubeSearchResponse.swift */,
			);
			path = Models;
			sourceTree = "<group>";
		};
		7C7693D4299554AC00A76EBC /* Resources */ = {
			isa = PBXGroup;
			children = (
				7C6428F32997B24200F2A156 /* Extensions.swift */,
			);
			path = Resources;
			sourceTree = "<group>";
		};
		7C7693D5299554B300A76EBC /* Managers */ = {
			isa = PBXGroup;
			children = (
				7C6428EF2997A17800F2A156 /* APICaller.swift */,
			);
			path = Managers;
			sourceTree = "<group>";
		};
/* End PBXGroup section */

/* Begin PBXNativeTarget section */
		7C7693B029954D7600A76EBC /* NetflixClone */ = {
			isa = PBXNativeTarget;
			buildConfigurationList = 7C7693C529954D7700A76EBC /* Build configuration list for PBXNativeTarget "NetflixClone" */;
			buildPhases = (
				7C7693AD29954D7600A76EBC /* Sources */,
				7C7693AE29954D7600A76EBC /* Frameworks */,
				7C7693AF29954D7600A76EBC /* Resources */,
			);
			buildRules = (
			);
			dependencies = (
			);
			name = NetflixClone;
			packageProductDependencies = (
				7C6428FA299810A600F2A156 /* SDWebImage */,
				7C6428FC299810A600F2A156 /* SDWebImageMapKit */,
			);
			productName = NetflixClone;
			productReference = 7C7693B129954D7600A76EBC /* NetflixClone.app */;
			productType = "com.apple.product-type.application";
		};
/* End PBXNativeTarget section */

/* Begin PBXProject section */
		7C7693A929954D7600A76EBC /* Project object */ = {
			isa = PBXProject;
			attributes = {
				BuildIndependentTargetsInParallel = 1;
				LastSwiftUpdateCheck = 1420;
				LastUpgradeCheck = 1420;
				TargetAttributes = {
					7C7693B029954D7600A76EBC = {
						CreatedOnToolsVersion = 14.2;
					};
				};
			};
			buildConfigurationList = 7C7693AC29954D7600A76EBC /* Build configuration list for PBXProject "NetflixClone" */;
			compatibilityVersion = "Xcode 14.0";
			developmentRegion = en;
			hasScannedForEncodings = 0;
			knownRegions = (
				en,
				Base,
			);
			mainGroup = 7C7693A829954D7600A76EBC;
			packageReferences = (
				7C6428F9299810A600F2A156 /* XCRemoteSwiftPackageReference "SDWebImage" */,
			);
			productRefGroup = 7C7693B229954D7600A76EBC /* Products */;
			projectDirPath = "";
			projectRoot = "";
			targets = (
				7C7693B029954D7600A76EBC /* NetflixClone */,
			);
		};
/* End PBXProject section */

/* Begin PBXResourcesBuildPhase section */
		7C7693AF29954D7600A76EBC /* Resources */ = {
			isa = PBXResourcesBuildPhase;
			buildActionMask = 2147483647;
			files = (
				7C7693C129954D7700A76EBC /* LaunchScreen.storyboard in Resources */,
				7C7693BE29954D7700A76EBC /* Assets.xcassets in Resources */,
			);
			runOnlyForDeploymentPostprocessing = 0;
		};
/* End PBXResourcesBuildPhase section */

/* Begin PBXSourcesBuildPhase section */
		7C7693AD29954D7600A76EBC /* Sources */ = {
			isa = PBXSourcesBuildPhase;
			buildActionMask = 2147483647;
			files = (
				7C6428FF2999013600F2A156 /* TitleTableViewCell.swift in Sources */,
				7C7693CE29954FC500A76EBC /* SearchViewController.swift in Sources */,
				7C7693B929954D7600A76EBC /* MainTabBarViewController.swift in Sources */,
				7C7693D7299554D700A76EBC /* CollectionViewTableViewCell.swift in Sources */,
				7C6428F02997A17800F2A156 /* APICaller.swift in Sources */,
				7C7693D029954FE300A76EBC /* DownloadsViewController.swift in Sources */,
				7C7693D92996516200A76EBC /* HeroHeaderView.swift in Sources */,
				7C6428F829980F2400F2A156 /* TitleCollectionViewCell.swift in Sources */,
				7CDBD502299B9E3A005DE6E0 /* TitlePreviewModel.swift in Sources */,
				7C7693B529954D7600A76EBC /* AppDelegate.swift in Sources */,
				7C7545BD299A540E006CE676 /* SearchResultsViewController.swift in Sources */,
				7C6428F42997B24200F2A156 /* Extensions.swift in Sources */,
				7CDBD4FE299B95CA005DE6E0 /* YouTubeSearchResponse.swift in Sources */,
				7C7693B729954D7600A76EBC /* SceneDelegate.swift in Sources */,
				7C7693CC29954F8100A76EBC /* UpcomingViewController.swift in Sources */,
				7CDBD500299B9A8A005DE6E0 /* TitleTrailerViewController.swift in Sources */,
				7C6428F22997A5B700F2A156 /* Title.swift in Sources */,
				7C7693CA29954F5E00A76EBC /* HomeViewController.swift in Sources */,
				7C64290129990B4900F2A156 /* TitleViewModel.swift in Sources */,
			);
			runOnlyForDeploymentPostprocessing = 0;
		};
/* End PBXSourcesBuildPhase section */

/* Begin PBXVariantGroup section */
		7C7693BF29954D7700A76EBC /* LaunchScreen.storyboard */ = {
			isa = PBXVariantGroup;
			children = (
				7C7693C029954D7700A76EBC /* Base */,
			);
			name = LaunchScreen.storyboard;
			sourceTree = "<group>";
		};
/* End PBXVariantGroup section */

/* Begin XCBuildConfiguration section */
		7C7693C329954D7700A76EBC /* Debug */ = {
			isa = XCBuildConfiguration;
			buildSettings = {
				ALWAYS_SEARCH_USER_PATHS = NO;
				CLANG_ANALYZER_NONNULL = YES;
				CLANG_ANALYZER_NUMBER_OBJECT_CONVERSION = YES_AGGRESSIVE;
				CLANG_CXX_LANGUAGE_STANDARD = "gnu++20";
				CLANG_ENABLE_MODULES = YES;
				CLANG_ENABLE_OBJC_ARC = YES;
				CLANG_ENABLE_OBJC_WEAK = YES;
				CLANG_WARN_BLOCK_CAPTURE_AUTORELEASING = YES;
				CLANG_WARN_BOOL_CONVERSION = YES;
				CLANG_WARN_COMMA = YES;
				CLANG_WARN_CONSTANT_CONVERSION = YES;
				CLANG_WARN_DEPRECATED_OBJC_IMPLEMENTATIONS = YES;
				CLANG_WARN_DIRECT_OBJC_ISA_USAGE = YES_ERROR;
				CLANG_WARN_DOCUMENTATION_COMMENTS = YES;
				CLANG_WARN_EMPTY_BODY = YES;
				CLANG_WARN_ENUM_CONVERSION = YES;
				CLANG_WARN_INFINITE_RECURSION = YES;
				CLANG_WARN_INT_CONVERSION = YES;
				CLANG_WARN_NON_LITERAL_NULL_CONVERSION = YES;
				CLANG_WARN_OBJC_IMPLICIT_RETAIN_SELF = YES;
				CLANG_WARN_OBJC_LITERAL_CONVERSION = YES;
				CLANG_WARN_OBJC_ROOT_CLASS = YES_ERROR;
				CLANG_WARN_QUOTED_INCLUDE_IN_FRAMEWORK_HEADER = YES;
				CLANG_WARN_RANGE_LOOP_ANALYSIS = YES;
				CLANG_WARN_STRICT_PROTOTYPES = YES;
				CLANG_WARN_SUSPICIOUS_MOVE = YES;
				CLANG_WARN_UNGUARDED_AVAILABILITY = YES_AGGRESSIVE;
				CLANG_WARN_UNREACHABLE_CODE = YES;
				CLANG_WARN__DUPLICATE_METHOD_MATCH = YES;
				COPY_PHASE_STRIP = NO;
				DEBUG_INFORMATION_FORMAT = dwarf;
				ENABLE_STRICT_OBJC_MSGSEND = YES;
				ENABLE_TESTABILITY = YES;
				GCC_C_LANGUAGE_STANDARD = gnu11;
				GCC_DYNAMIC_NO_PIC = NO;
				GCC_NO_COMMON_BLOCKS = YES;
				GCC_OPTIMIZATION_LEVEL = 0;
				GCC_PREPROCESSOR_DEFINITIONS = (
					"DEBUG=1",
					"$(inherited)",
				);
				GCC_WARN_64_TO_32_BIT_CONVERSION = YES;
				GCC_WARN_ABOUT_RETURN_TYPE = YES_ERROR;
				GCC_WARN_UNDECLARED_SELECTOR = YES;
				GCC_WARN_UNINITIALIZED_AUTOS = YES_AGGRESSIVE;
				GCC_WARN_UNUSED_FUNCTION = YES;
				GCC_WARN_UNUSED_VARIABLE = YES;
				IPHONEOS_DEPLOYMENT_TARGET = 16.2;
				MTL_ENABLE_DEBUG_INFO = INCLUDE_SOURCE;
				MTL_FAST_MATH = YES;
				ONLY_ACTIVE_ARCH = YES;
				SDKROOT = iphoneos;
				SWIFT_ACTIVE_COMPILATION_CONDITIONS = DEBUG;
				SWIFT_OPTIMIZATION_LEVEL = "-Onone";
			};
			name = Debug;
		};
		7C7693C429954D7700A76EBC /* Release */ = {
			isa = XCBuildConfiguration;
			buildSettings = {
				ALWAYS_SEARCH_USER_PATHS = NO;
				CLANG_ANALYZER_NONNULL = YES;
				CLANG_ANALYZER_NUMBER_OBJECT_CONVERSION = YES_AGGRESSIVE;
				CLANG_CXX_LANGUAGE_STANDARD = "gnu++20";
				CLANG_ENABLE_MODULES = YES;
				CLANG_ENABLE_OBJC_ARC = YES;
				CLANG_ENABLE_OBJC_WEAK = YES;
				CLANG_WARN_BLOCK_CAPTURE_AUTORELEASING = YES;
				CLANG_WARN_BOOL_CONVERSION = YES;
				CLANG_WARN_COMMA = YES;
				CLANG_WARN_CONSTANT_CONVERSION = YES;
				CLANG_WARN_DEPRECATED_OBJC_IMPLEMENTATIONS = YES;
				CLANG_WARN_DIRECT_OBJC_ISA_USAGE = YES_ERROR;
				CLANG_WARN_DOCUMENTATION_COMMENTS = YES;
				CLANG_WARN_EMPTY_BODY = YES;
				CLANG_WARN_ENUM_CONVERSION = YES;
				CLANG_WARN_INFINITE_RECURSION = YES;
				CLANG_WARN_INT_CONVERSION = YES;
				CLANG_WARN_NON_LITERAL_NULL_CONVERSION = YES;
				CLANG_WARN_OBJC_IMPLICIT_RETAIN_SELF = YES;
				CLANG_WARN_OBJC_LITERAL_CONVERSION = YES;
				CLANG_WARN_OBJC_ROOT_CLASS = YES_ERROR;
				CLANG_WARN_QUOTED_INCLUDE_IN_FRAMEWORK_HEADER = YES;
				CLANG_WARN_RANGE_LOOP_ANALYSIS = YES;
				CLANG_WARN_STRICT_PROTOTYPES = YES;
				CLANG_WARN_SUSPICIOUS_MOVE = YES;
				CLANG_WARN_UNGUARDED_AVAILABILITY = YES_AGGRESSIVE;
				CLANG_WARN_UNREACHABLE_CODE = YES;
				CLANG_WARN__DUPLICATE_METHOD_MATCH = YES;
				COPY_PHASE_STRIP = NO;
				DEBUG_INFORMATION_FORMAT = "dwarf-with-dsym";
				ENABLE_NS_ASSERTIONS = NO;
				ENABLE_STRICT_OBJC_MSGSEND = YES;
				GCC_C_LANGUAGE_STANDARD = gnu11;
				GCC_NO_COMMON_BLOCKS = YES;
				GCC_WARN_64_TO_32_BIT_CONVERSION = YES;
				GCC_WARN_ABOUT_RETURN_TYPE = YES_ERROR;
				GCC_WARN_UNDECLARED_SELECTOR = YES;
				GCC_WARN_UNINITIALIZED_AUTOS = YES_AGGRESSIVE;
				GCC_WARN_UNUSED_FUNCTION = YES;
				GCC_WARN_UNUSED_VARIABLE = YES;
				IPHONEOS_DEPLOYMENT_TARGET = 16.2;
				MTL_ENABLE_DEBUG_INFO = NO;
				MTL_FAST_MATH = YES;
				SDKROOT = iphoneos;
				SWIFT_COMPILATION_MODE = wholemodule;
				SWIFT_OPTIMIZATION_LEVEL = "-O";
				VALIDATE_PRODUCT = YES;
			};
			name = Release;
		};
		7C7693C629954D7700A76EBC /* Debug */ = {
			isa = XCBuildConfiguration;
			buildSettings = {
				ASSETCATALOG_COMPILER_APPICON_NAME = AppIcon;
				ASSETCATALOG_COMPILER_GLOBAL_ACCENT_COLOR_NAME = AccentColor;
				CODE_SIGN_STYLE = Automatic;
				CURRENT_PROJECT_VERSION = 1;
				DEVELOPMENT_TEAM = CLM5L23Y57;
				GENERATE_INFOPLIST_FILE = YES;
				INFOPLIST_FILE = NetflixClone/Info.plist;
				INFOPLIST_KEY_UIApplicationSupportsIndirectInputEvents = YES;
				INFOPLIST_KEY_UILaunchStoryboardName = LaunchScreen;
				INFOPLIST_KEY_UISupportedInterfaceOrientations_iPad = "UIInterfaceOrientationPortrait UIInterfaceOrientationPortraitUpsideDown UIInterfaceOrientationLandscapeLeft UIInterfaceOrientationLandscapeRight";
				INFOPLIST_KEY_UISupportedInterfaceOrientations_iPhone = "UIInterfaceOrientationPortrait UIInterfaceOrientationLandscapeLeft UIInterfaceOrientationLandscapeRight";
				LD_RUNPATH_SEARCH_PATHS = (
					"$(inherited)",
					"@executable_path/Frameworks",
				);
				MARKETING_VERSION = 1.0;
				PRODUCT_BUNDLE_IDENTIFIER = exercise.NetflixClone;
				PRODUCT_NAME = "$(TARGET_NAME)";
				SWIFT_EMIT_LOC_STRINGS = YES;
				SWIFT_VERSION = 5.0;
				TARGETED_DEVICE_FAMILY = "1,2";
			};
			name = Debug;
		};
		7C7693C729954D7700A76EBC /* Release */ = {
			isa = XCBuildConfiguration;
			buildSettings = {
				ASSETCATALOG_COMPILER_APPICON_NAME = AppIcon;
				ASSETCATALOG_COMPILER_GLOBAL_ACCENT_COLOR_NAME = AccentColor;
				CODE_SIGN_STYLE = Automatic;
				CURRENT_PROJECT_VERSION = 1;
				DEVELOPMENT_TEAM = CLM5L23Y57;
				GENERATE_INFOPLIST_FILE = YES;
				INFOPLIST_FILE = NetflixClone/Info.plist;
				INFOPLIST_KEY_UIApplicationSupportsIndirectInputEvents = YES;
				INFOPLIST_KEY_UILaunchStoryboardName = LaunchScreen;
				INFOPLIST_KEY_UISupportedInterfaceOrientations_iPad = "UIInterfaceOrientationPortrait UIInterfaceOrientationPortraitUpsideDown UIInterfaceOrientationLandscapeLeft UIInterfaceOrientationLandscapeRight";
				INFOPLIST_KEY_UISupportedInterfaceOrientations_iPhone = "UIInterfaceOrientationPortrait UIInterfaceOrientationLandscapeLeft UIInterfaceOrientationLandscapeRight";
				LD_RUNPATH_SEARCH_PATHS = (
					"$(inherited)",
					"@executable_path/Frameworks",
				);
				MARKETING_VERSION = 1.0;
				PRODUCT_BUNDLE_IDENTIFIER = exercise.NetflixClone;
				PRODUCT_NAME = "$(TARGET_NAME)";
				SWIFT_EMIT_LOC_STRINGS = YES;
				SWIFT_VERSION = 5.0;
				TARGETED_DEVICE_FAMILY = "1,2";
			};
			name = Release;
		};
/* End XCBuildConfiguration section */

/* Begin XCConfigurationList section */
		7C7693AC29954D7600A76EBC /* Build configuration list for PBXProject "NetflixClone" */ = {
			isa = XCConfigurationList;
			buildConfigurations = (
				7C7693C329954D7700A76EBC /* Debug */,
				7C7693C429954D7700A76EBC /* Release */,
			);
			defaultConfigurationIsVisible = 0;
			defaultConfigurationName = Release;
		};
		7C7693C529954D7700A76EBC /* Build configuration list for PBXNativeTarget "NetflixClone" */ = {
			isa = XCConfigurationList;
			buildConfigurations = (
				7C7693C629954D7700A76EBC /* Debug */,
				7C7693C729954D7700A76EBC /* Release */,
			);
			defaultConfigurationIsVisible = 0;
			defaultConfigurationName = Release;
		};
/* End XCConfigurationList section */

/* Begin XCRemoteSwiftPackageReference section */
		7C6428F9299810A600F2A156 /* XCRemoteSwiftPackageReference "SDWebImage" */ = {
			isa = XCRemoteSwiftPackageReference;
			repositoryURL = "https://github.com/SDWebImage/SDWebImage.git";
			requirement = {
				kind = upToNextMajorVersion;
				minimumVersion = 5.0.0;
			};
		};
/* End XCRemoteSwiftPackageReference section */

/* Begin XCSwiftPackageProductDependency section */
		7C6428FA299810A600F2A156 /* SDWebImage */ = {
			isa = XCSwiftPackageProductDependency;
			package = 7C6428F9299810A600F2A156 /* XCRemoteSwiftPackageReference "SDWebImage" */;
			productName = SDWebImage;
		};
		7C6428FC299810A600F2A156 /* SDWebImageMapKit */ = {
			isa = XCSwiftPackageProductDependency;
			package = 7C6428F9299810A600F2A156 /* XCRemoteSwiftPackageReference "SDWebImage" */;
			productName = SDWebImageMapKit;
		};
/* End XCSwiftPackageProductDependency section */
	};
	rootObject = 7C7693A929954D7600A76EBC /* Project object */;
}
